// !$*UTF8*$!
{
	archiveVersion = 1;
	classes = {
	};
	objectVersion = 56;
	objects = {

/* Begin PBXBuildFile section */
		422996792A38DCA4001F3D65 /* RandomAnimation.swift in Sources */ = {isa = PBXBuildFile; fileRef = 422996782A38DCA4001F3D65 /* RandomAnimation.swift */; };
		42727D4E2A3862C4008E2A86 /* AppDelegate.swift in Sources */ = {isa = PBXBuildFile; fileRef = 42727D4D2A3862C4008E2A86 /* AppDelegate.swift */; };
		42727D502A3862C4008E2A86 /* SceneDelegate.swift in Sources */ = {isa = PBXBuildFile; fileRef = 42727D4F2A3862C4008E2A86 /* SceneDelegate.swift */; };
		42727D522A3862C4008E2A86 /* ViewController.swift in Sources */ = {isa = PBXBuildFile; fileRef = 42727D512A3862C4008E2A86 /* ViewController.swift */; };
		42727D552A3862C4008E2A86 /* Main.storyboard in Resources */ = {isa = PBXBuildFile; fileRef = 42727D532A3862C4008E2A86 /* Main.storyboard */; };
		42727D572A3862C6008E2A86 /* Assets.xcassets in Resources */ = {isa = PBXBuildFile; fileRef = 42727D562A3862C6008E2A86 /* Assets.xcassets */; };
		42727D5A2A3862C6008E2A86 /* LaunchScreen.storyboard in Resources */ = {isa = PBXBuildFile; fileRef = 42727D582A3862C6008E2A86 /* LaunchScreen.storyboard */; };
		42727D632A3862EF008E2A86 /* SpringAnimation in Frameworks */ = {isa = PBXBuildFile; productRef = 42727D622A3862EF008E2A86 /* SpringAnimation */; };
		42727D6C2A389AD8008E2A86 /* DataStore.swift in Sources */ = {isa = PBXBuildFile; fileRef = 42727D6B2A389AD7008E2A86 /* DataStore.swift */; };
/* End PBXBuildFile section */

/* Begin PBXFileReference section */
		422996782A38DCA4001F3D65 /* RandomAnimation.swift */ = {isa = PBXFileReference; lastKnownFileType = sourcecode.swift; path = RandomAnimation.swift; sourceTree = "<group>"; };
		42727D4A2A3862C4008E2A86 /* DemonstrationAnimation.app */ = {isa = PBXFileReference; explicitFileType = wrapper.application; includeInIndex = 0; path = DemonstrationAnimation.app; sourceTree = BUILT_PRODUCTS_DIR; };
		42727D4D2A3862C4008E2A86 /* AppDelegate.swift */ = {isa = PBXFileReference; lastKnownFileType = sourcecode.swift; path = AppDelegate.swift; sourceTree = "<group>"; };
		42727D4F2A3862C4008E2A86 /* SceneDelegate.swift */ = {isa = PBXFileReference; lastKnownFileType = sourcecode.swift; path = SceneDelegate.swift; sourceTree = "<group>"; };
		42727D512A3862C4008E2A86 /* ViewController.swift */ = {isa = PBXFileReference; lastKnownFileType = sourcecode.swift; path = ViewController.swift; sourceTree = "<group>"; };
		42727D542A3862C4008E2A86 /* Base */ = {isa = PBXFileReference; lastKnownFileType = file.storyboard; name = Base; path = Base.lproj/Main.storyboard; sourceTree = "<group>"; };
		42727D562A3862C6008E2A86 /* Assets.xcassets */ = {isa = PBXFileReference; lastKnownFileType = folder.assetcatalog; path = Assets.xcassets; sourceTree = "<group>"; };
		42727D592A3862C6008E2A86 /* Base */ = {isa = PBXFileReference; lastKnownFileType = file.storyboard; name = Base; path = Base.lproj/LaunchScreen.storyboard; sourceTree = "<group>"; };
		42727D5B2A3862C6008E2A86 /* Info.plist */ = {isa = PBXFileReference; lastKnownFileType = text.plist.xml; path = Info.plist; sourceTree = "<group>"; };
		42727D6B2A389AD7008E2A86 /* DataStore.swift */ = {isa = PBXFileReference; lastKnownFileType = sourcecode.swift; path = DataStore.swift; sourceTree = "<group>"; };
/* End PBXFileReference section */

/* Begin PBXFrameworksBuildPhase section */
		42727D472A3862C4008E2A86 /* Frameworks */ = {
			isa = PBXFrameworksBuildPhase;
			buildActionMask = 2147483647;
			files = (
				42727D632A3862EF008E2A86 /* SpringAnimation in Frameworks */,
			);
			runOnlyForDeploymentPostprocessing = 0;
		};
/* End PBXFrameworksBuildPhase section */

/* Begin PBXGroup section */
		422996772A38DC7E001F3D65 /* Models */ = {
			isa = PBXGroup;
			children = (
				422996782A38DCA4001F3D65 /* RandomAnimation.swift */,
			);
			path = Models;
			sourceTree = "<group>";
		};
		42727D412A3862C4008E2A86 = {
			isa = PBXGroup;
			children = (
				42727D4C2A3862C4008E2A86 /* DemonstrationAnimation */,
				42727D4B2A3862C4008E2A86 /* Products */,
			);
			sourceTree = "<group>";
		};
		42727D4B2A3862C4008E2A86 /* Products */ = {
			isa = PBXGroup;
			children = (
				42727D4A2A3862C4008E2A86 /* DemonstrationAnimation.app */,
			);
			name = Products;
			sourceTree = "<group>";
		};
		42727D4C2A3862C4008E2A86 /* DemonstrationAnimation */ = {
			isa = PBXGroup;
			children = (
				422996772A38DC7E001F3D65 /* Models */,
				42727D6A2A387458008E2A86 /* Services */,
				42727D672A386522008E2A86 /* Storyboards */,
				42727D652A3864FE008E2A86 /* ViewControllers */,
				42727D642A386301008E2A86 /* App */,
				42727D562A3862C6008E2A86 /* Assets.xcassets */,
			);
			path = DemonstrationAnimation;
			sourceTree = "<group>";
		};
		42727D642A386301008E2A86 /* App */ = {
			isa = PBXGroup;
			children = (
				42727D5B2A3862C6008E2A86 /* Info.plist */,
				42727D4F2A3862C4008E2A86 /* SceneDelegate.swift */,
				42727D4D2A3862C4008E2A86 /* AppDelegate.swift */,
			);
			path = App;
			sourceTree = "<group>";
		};
		42727D652A3864FE008E2A86 /* ViewControllers */ = {
			isa = PBXGroup;
			children = (
				42727D512A3862C4008E2A86 /* ViewController.swift */,
			);
			path = ViewControllers;
			sourceTree = "<group>";
		};
		42727D672A386522008E2A86 /* Storyboards */ = {
			isa = PBXGroup;
			children = (
				42727D532A3862C4008E2A86 /* Main.storyboard */,
				42727D582A3862C6008E2A86 /* LaunchScreen.storyboard */,
			);
			path = Storyboards;
			sourceTree = "<group>";
		};
		42727D6A2A387458008E2A86 /* Services */ = {
			isa = PBXGroup;
			children = (
				42727D6B2A389AD7008E2A86 /* DataStore.swift */,
			);
			path = Services;
			sourceTree = "<group>";
		};
/* End PBXGroup section */

/* Begin PBXNativeTarget section */
		42727D492A3862C4008E2A86 /* DemonstrationAnimation */ = {
			isa = PBXNativeTarget;
			buildConfigurationList = 42727D5E2A3862C6008E2A86 /* Build configuration list for PBXNativeTarget "DemonstrationAnimation" */;
			buildPhases = (
				42727D462A3862C4008E2A86 /* Sources */,
				42727D472A3862C4008E2A86 /* Frameworks */,
				42727D482A3862C4008E2A86 /* Resources */,
			);
			buildRules = (
			);
			dependencies = (
			);
			name = DemonstrationAnimation;
			packageProductDependencies = (
				42727D622A3862EF008E2A86 /* SpringAnimation */,
			);
			productName = DemonstrationAnimation;
			productReference = 42727D4A2A3862C4008E2A86 /* DemonstrationAnimation.app */;
			productType = "com.apple.product-type.application";
		};
/* End PBXNativeTarget section */

/* Begin PBXProject section */
		42727D422A3862C4008E2A86 /* Project object */ = {
			isa = PBXProject;
			attributes = {
				BuildIndependentTargetsInParallel = 1;
				LastSwiftUpdateCheck = 1420;
				LastUpgradeCheck = 1420;
				TargetAttributes = {
					42727D492A3862C4008E2A86 = {
						CreatedOnToolsVersion = 14.2;
					};
				};
			};
			buildConfigurationList = 42727D452A3862C4008E2A86 /* Build configuration list for PBXProject "DemonstrationAnimation" */;
			compatibilityVersion = "Xcode 14.0";
			developmentRegion = en;
			hasScannedForEncodings = 0;
			knownRegions = (
				en,
				Base,
			);
			mainGroup = 42727D412A3862C4008E2A86;
			packageReferences = (
				42727D612A3862EF008E2A86 /* XCRemoteSwiftPackageReference "SpringAnimation" */,
			);
			productRefGroup = 42727D4B2A3862C4008E2A86 /* Products */;
			projectDirPath = "";
			projectRoot = "";
			targets = (
				42727D492A3862C4008E2A86 /* DemonstrationAnimation */,
			);
		};
/* End PBXProject section */

/* Begin PBXResourcesBuildPhase section */
		42727D482A3862C4008E2A86 /* Resources */ = {
			isa = PBXResourcesBuildPhase;
			buildActionMask = 2147483647;
			files = (
				42727D5A2A3862C6008E2A86 /* LaunchScreen.storyboard in Resources */,
				42727D572A3862C6008E2A86 /* Assets.xcassets in Resources */,
				42727D552A3862C4008E2A86 /* Main.storyboard in Resources */,
			);
			runOnlyForDeploymentPostprocessing = 0;
		};
/* End PBXResourcesBuildPhase section */

/* Begin PBXSourcesBuildPhase section */
		42727D462A3862C4008E2A86 /* Sources */ = {
			isa = PBXSourcesBuildPhase;
			buildActionMask = 2147483647;
			files = (
				42727D522A3862C4008E2A86 /* ViewController.swift in Sources */,
				42727D4E2A3862C4008E2A86 /* AppDelegate.swift in Sources */,
				42727D502A3862C4008E2A86 /* SceneDelegate.swift in Sources */,
				42727D6C2A389AD8008E2A86 /* DataStore.swift in Sources */,
				422996792A38DCA4001F3D65 /* RandomAnimation.swift in Sources */,
			);
			runOnlyForDeploymentPostprocessing = 0;
		};
/* End PBXSourcesBuildPhase section */

/* Begin PBXVariantGroup section */
		42727D532A3862C4008E2A86 /* Main.storyboard */ = {
			isa = PBXVariantGroup;
			children = (
				42727D542A3862C4008E2A86 /* Base */,
			);
			name = Main.storyboard;
			sourceTree = "<group>";
		};
		42727D582A3862C6008E2A86 /* LaunchScreen.storyboard */ = {
			isa = PBXVariantGroup;
			children = (
				42727D592A3862C6008E2A86 /* Base */,
			);
			name = LaunchScreen.storyboard;
			sourceTree = "<group>";
		};
/* End PBXVariantGroup section */

/* Begin XCBuildConfiguration section */
		42727D5C2A3862C6008E2A86 /* Debug */ = {
			isa = XCBuildConfiguration;
			buildSettings = {
				ALWAYS_SEARCH_USER_PATHS = NO;
				CLANG_ANALYZER_NONNULL = YES;
				CLANG_ANALYZER_NUMBER_OBJECT_CONVERSION = YES_AGGRESSIVE;
				CLANG_CXX_LANGUAGE_STANDARD = "gnu++20";
				CLANG_ENABLE_MODULES = YES;
				CLANG_ENABLE_OBJC_ARC = YES;
				CLANG_ENABLE_OBJC_WEAK = YES;
				CLANG_WARN_BLOCK_CAPTURE_AUTORELEASING = YES;
				CLANG_WARN_BOOL_CONVERSION = YES;
				CLANG_WARN_COMMA = YES;
				CLANG_WARN_CONSTANT_CONVERSION = YES;
				CLANG_WARN_DEPRECATED_OBJC_IMPLEMENTATIONS = YES;
				CLANG_WARN_DIRECT_OBJC_ISA_USAGE = YES_ERROR;
				CLANG_WARN_DOCUMENTATION_COMMENTS = YES;
				CLANG_WARN_EMPTY_BODY = YES;
				CLANG_WARN_ENUM_CONVERSION = YES;
				CLANG_WARN_INFINITE_RECURSION = YES;
				CLANG_WARN_INT_CONVERSION = YES;
				CLANG_WARN_NON_LITERAL_NULL_CONVERSION = YES;
				CLANG_WARN_OBJC_IMPLICIT_RETAIN_SELF = YES;
				CLANG_WARN_OBJC_LITERAL_CONVERSION = YES;
				CLANG_WARN_OBJC_ROOT_CLASS = YES_ERROR;
				CLANG_WARN_QUOTED_INCLUDE_IN_FRAMEWORK_HEADER = YES;
				CLANG_WARN_RANGE_LOOP_ANALYSIS = YES;
				CLANG_WARN_STRICT_PROTOTYPES = YES;
				CLANG_WARN_SUSPICIOUS_MOVE = YES;
				CLANG_WARN_UNGUARDED_AVAILABILITY = YES_AGGRESSIVE;
				CLANG_WARN_UNREACHABLE_CODE = YES;
				CLANG_WARN__DUPLICATE_METHOD_MATCH = YES;
				COPY_PHASE_STRIP = NO;
				DEBUG_INFORMATION_FORMAT = dwarf;
				ENABLE_STRICT_OBJC_MSGSEND = YES;
				ENABLE_TESTABILITY = YES;
				GCC_C_LANGUAGE_STANDARD = gnu11;
				GCC_DYNAMIC_NO_PIC = NO;
				GCC_NO_COMMON_BLOCKS = YES;
				GCC_OPTIMIZATION_LEVEL = 0;
				GCC_PREPROCESSOR_DEFINITIONS = (
					"DEBUG=1",
					"$(inherited)",
				);
				GCC_WARN_64_TO_32_BIT_CONVERSION = YES;
				GCC_WARN_ABOUT_RETURN_TYPE = YES_ERROR;
				GCC_WARN_UNDECLARED_SELECTOR = YES;
				GCC_WARN_UNINITIALIZED_AUTOS = YES_AGGRESSIVE;
				GCC_WARN_UNUSED_FUNCTION = YES;
				GCC_WARN_UNUSED_VARIABLE = YES;
				IPHONEOS_DEPLOYMENT_TARGET = 16.2;
				MTL_ENABLE_DEBUG_INFO = INCLUDE_SOURCE;
				MTL_FAST_MATH = YES;
				ONLY_ACTIVE_ARCH = YES;
				SDKROOT = iphoneos;
				SWIFT_ACTIVE_COMPILATION_CONDITIONS = DEBUG;
				SWIFT_OPTIMIZATION_LEVEL = "-Onone";
			};
			name = Debug;
		};
		42727D5D2A3862C6008E2A86 /* Release */ = {
			isa = XCBuildConfiguration;
			buildSettings = {
				ALWAYS_SEARCH_USER_PATHS = NO;
				CLANG_ANALYZER_NONNULL = YES;
				CLANG_ANALYZER_NUMBER_OBJECT_CONVERSION = YES_AGGRESSIVE;
				CLANG_CXX_LANGUAGE_STANDARD = "gnu++20";
				CLANG_ENABLE_MODULES = YES;
				CLANG_ENABLE_OBJC_ARC = YES;
				CLANG_ENABLE_OBJC_WEAK = YES;
				CLANG_WARN_BLOCK_CAPTURE_AUTORELEASING = YES;
				CLANG_WARN_BOOL_CONVERSION = YES;
				CLANG_WARN_COMMA = YES;
				CLANG_WARN_CONSTANT_CONVERSION = YES;
				CLANG_WARN_DEPRECATED_OBJC_IMPLEMENTATIONS = YES;
				CLANG_WARN_DIRECT_OBJC_ISA_USAGE = YES_ERROR;
				CLANG_WARN_DOCUMENTATION_COMMENTS = YES;
				CLANG_WARN_EMPTY_BODY = YES;
				CLANG_WARN_ENUM_CONVERSION = YES;
				CLANG_WARN_INFINITE_RECURSION = YES;
				CLANG_WARN_INT_CONVERSION = YES;
				CLANG_WARN_NON_LITERAL_NULL_CONVERSION = YES;
				CLANG_WARN_OBJC_IMPLICIT_RETAIN_SELF = YES;
				CLANG_WARN_OBJC_LITERAL_CONVERSION = YES;
				CLANG_WARN_OBJC_ROOT_CLASS = YES_ERROR;
				CLANG_WARN_QUOTED_INCLUDE_IN_FRAMEWORK_HEADER = YES;
				CLANG_WARN_RANGE_LOOP_ANALYSIS = YES;
				CLANG_WARN_STRICT_PROTOTYPES = YES;
				CLANG_WARN_SUSPICIOUS_MOVE = YES;
				CLANG_WARN_UNGUARDED_AVAILABILITY = YES_AGGRESSIVE;
				CLANG_WARN_UNREACHABLE_CODE = YES;
				CLANG_WARN__DUPLICATE_METHOD_MATCH = YES;
				COPY_PHASE_STRIP = NO;
				DEBUG_INFORMATION_FORMAT = "dwarf-with-dsym";
				ENABLE_NS_ASSERTIONS = NO;
				ENABLE_STRICT_OBJC_MSGSEND = YES;
				GCC_C_LANGUAGE_STANDARD = gnu11;
				GCC_NO_COMMON_BLOCKS = YES;
				GCC_WARN_64_TO_32_BIT_CONVERSION = YES;
				GCC_WARN_ABOUT_RETURN_TYPE = YES_ERROR;
				GCC_WARN_UNDECLARED_SELECTOR = YES;
				GCC_WARN_UNINITIALIZED_AUTOS = YES_AGGRESSIVE;
				GCC_WARN_UNUSED_FUNCTION = YES;
				GCC_WARN_UNUSED_VARIABLE = YES;
				IPHONEOS_DEPLOYMENT_TARGET = 16.2;
				MTL_ENABLE_DEBUG_INFO = NO;
				MTL_FAST_MATH = YES;
				SDKROOT = iphoneos;
				SWIFT_COMPILATION_MODE = wholemodule;
				SWIFT_OPTIMIZATION_LEVEL = "-O";
				VALIDATE_PRODUCT = YES;
			};
			name = Release;
		};
		42727D5F2A3862C6008E2A86 /* Debug */ = {
			isa = XCBuildConfiguration;
			buildSettings = {
				ASSETCATALOG_COMPILER_APPICON_NAME = AppIcon;
				ASSETCATALOG_COMPILER_GLOBAL_ACCENT_COLOR_NAME = AccentColor;
				CODE_SIGN_STYLE = Automatic;
				CURRENT_PROJECT_VERSION = 1;
				DEVELOPMENT_TEAM = 789XU24GW5;
				GENERATE_INFOPLIST_FILE = YES;
				INFOPLIST_FILE = DemonstrationAnimation/App/Info.plist;
				INFOPLIST_KEY_UIApplicationSupportsIndirectInputEvents = YES;
				INFOPLIST_KEY_UILaunchStoryboardName = LaunchScreen;
				INFOPLIST_KEY_UIMainStoryboardFile = Main;
				INFOPLIST_KEY_UISupportedInterfaceOrientations = UIInterfaceOrientationPortrait;
				INFOPLIST_KEY_UISupportedInterfaceOrientations_iPad = "UIInterfaceOrientationLandscapeLeft UIInterfaceOrientationLandscapeRight UIInterfaceOrientationPortrait UIInterfaceOrientationPortraitUpsideDown";
				LD_RUNPATH_SEARCH_PATHS = (
					"$(inherited)",
					"@executable_path/Frameworks",
				);
				MARKETING_VERSION = 1.0;
				PRODUCT_BUNDLE_IDENTIFIER = amigoProd.DemonstrationAnimation;
				PRODUCT_NAME = "$(TARGET_NAME)";
				SUPPORTED_PLATFORMS = "iphoneos iphonesimulator";
				SUPPORTS_MACCATALYST = NO;
				SUPPORTS_MAC_DESIGNED_FOR_IPHONE_IPAD = NO;
				SWIFT_EMIT_LOC_STRINGS = YES;
				SWIFT_VERSION = 5.0;
				TARGETED_DEVICE_FAMILY = 1;
			};
			name = Debug;
		};
		42727D602A3862C6008E2A86 /* Release */ = {
			isa = XCBuildConfiguration;
			buildSettings = {
				ASSETCATALOG_COMPILER_APPICON_NAME = AppIcon;
				ASSETCATALOG_COMPILER_GLOBAL_ACCENT_COLOR_NAME = AccentColor;
				CODE_SIGN_STYLE = Automatic;
				CURRENT_PROJECT_VERSION = 1;
				DEVELOPMENT_TEAM = 789XU24GW5;
				GENERATE_INFOPLIST_FILE = YES;
				INFOPLIST_FILE = DemonstrationAnimation/App/Info.plist;
				INFOPLIST_KEY_UIApplicationSupportsIndirectInputEvents = YES;
				INFOPLIST_KEY_UILaunchStoryboardName = LaunchScreen;
				INFOPLIST_KEY_UIMainStoryboardFile = Main;
				INFOPLIST_KEY_UISupportedInterfaceOrientations = UIInterfaceOrientationPortrait;
				INFOPLIST_KEY_UISupportedInterfaceOrientations_iPad = "UIInterfaceOrientationLandscapeLeft UIInterfaceOrientationLandscapeRight UIInterfaceOrientationPortrait UIInterfaceOrientationPortraitUpsideDown";
				LD_RUNPATH_SEARCH_PATHS = (
					"$(inherited)",
					"@executable_path/Frameworks",
				);
				MARKETING_VERSION = 1.0;
				PRODUCT_BUNDLE_IDENTIFIER = amigoProd.DemonstrationAnimation;
				PRODUCT_NAME = "$(TARGET_NAME)";
				SUPPORTED_PLATFORMS = "iphoneos iphonesimulator";
				SUPPORTS_MACCATALYST = NO;
				SUPPORTS_MAC_DESIGNED_FOR_IPHONE_IPAD = NO;
				SWIFT_EMIT_LOC_STRINGS = YES;
				SWIFT_VERSION = 5.0;
				TARGETED_DEVICE_FAMILY = 1;
			};
			name = Release;
		};
/* End XCBuildConfiguration section */

/* Begin XCConfigurationList section */
		42727D452A3862C4008E2A86 /* Build configuration list for PBXProject "DemonstrationAnimation" */ = {
			isa = XCConfigurationList;
			buildConfigurations = (
				42727D5C2A3862C6008E2A86 /* Debug */,
				42727D5D2A3862C6008E2A86 /* Release */,
			);
			defaultConfigurationIsVisible = 0;
			defaultConfigurationName = Release;
		};
		42727D5E2A3862C6008E2A86 /* Build configuration list for PBXNativeTarget "DemonstrationAnimation" */ = {
			isa = XCConfigurationList;
			buildConfigurations = (
				42727D5F2A3862C6008E2A86 /* Debug */,
				42727D602A3862C6008E2A86 /* Release */,
			);
			defaultConfigurationIsVisible = 0;
			defaultConfigurationName = Release;
		};
/* End XCConfigurationList section */

/* Begin XCRemoteSwiftPackageReference section */
		42727D612A3862EF008E2A86 /* XCRemoteSwiftPackageReference "SpringAnimation" */ = {
			isa = XCRemoteSwiftPackageReference;
			repositoryURL = "https://github.com/LexDeBash/SpringAnimation.git";
			requirement = {
				kind = upToNextMinorVersion;
				minimumVersion = 0.3.0;
			};
		};
/* End XCRemoteSwiftPackageReference section */

/* Begin XCSwiftPackageProductDependency section */
		42727D622A3862EF008E2A86 /* SpringAnimation */ = {
			isa = XCSwiftPackageProductDependency;
			package = 42727D612A3862EF008E2A86 /* XCRemoteSwiftPackageReference "SpringAnimation" */;
			productName = SpringAnimation;
		};
/* End XCSwiftPackageProductDependency section */
	};
	rootObject = 42727D422A3862C4008E2A86 /* Project object */;
}
